
Microsoft Visual Studio Solution File, Format Version 12.00
# Visual Studio Version 16
VisualStudioVersion = 16.0.29409.12
MinimumVisualStudioVersion = 10.0.40219.1
Project("{FAE04EC0-301F-11D3-BF4B-00C04F79EFBC}") = "AICourseCSharpL4", "AICourseCSharpL4\AICourseCSharpL4.csproj", "{C41224F4-55D8-44E1-9BB3-569F71689F41}"
EndProject
Global
	GlobalSection(SolutionConfigurationPlatforms) = preSolution
		Debug|Any CPU = Debug|Any CPU
		Release|Any CPU = Release|Any CPU
	EndGlobalSection
	GlobalSection(ProjectConfigurationPlatforms) = postSolution
		{C41224F4-55D8-44E1-9BB3-569F71689F41}.Debug|Any CPU.ActiveCfg = Debug|Any CPU
		{C41224F4-55D8-44E1-9BB3-569F71689F41}.Debug|Any CPU.Build.0 = Debug|Any CPU
		{C41224F4-55D8-44E1-9BB3-569F71689F41}.Release|Any CPU.ActiveCfg = Release|Any CPU
		{C41224F4-55D8-44E1-9BB3-569F71689F41}.Release|Any CPU.Build.0 = Release|Any CPU
	EndGlobalSection
	GlobalSection(SolutionProperties) = preSolution
		HideSolutionNode = FALSE
	EndGlobalSection
	GlobalSection(ExtensibilityGlobals) = postSolution
		SolutionGuid = {82C55BD4-234A-418B-95C0-07AA605BF4FB}
	EndGlobalSection
EndGlobal
